
Microsoft Visual Studio Solution File, Format Version 12.00
# Visual Studio 15
VisualStudioVersion = 15.0.27130.2036
MinimumVisualStudioVersion = 10.0.40219.1
Project("{FAE04EC0-301F-11D3-BF4B-00C04F79EFBC}") = "Sudoku solver", "ConsoleApp2\Sudoku solver.csproj", "{88DA2FD9-EADC-4079-BD2D-7BD039D99935}"
EndProject
Global
	GlobalSection(SolutionConfigurationPlatforms) = preSolution
		Debug|Any CPU = Debug|Any CPU
		Release|Any CPU = Release|Any CPU
	EndGlobalSection
	GlobalSection(ProjectConfigurationPlatforms) = postSolution
		{88DA2FD9-EADC-4079-BD2D-7BD039D99935}.Debug|Any CPU.ActiveCfg = Debug|Any CPU
		{88DA2FD9-EADC-4079-BD2D-7BD039D99935}.Debug|Any CPU.Build.0 = Debug|Any CPU
		{88DA2FD9-EADC-4079-BD2D-7BD039D99935}.Release|Any CPU.ActiveCfg = Release|Any CPU
		{88DA2FD9-EADC-4079-BD2D-7BD039D99935}.Release|Any CPU.Build.0 = Release|Any CPU
	EndGlobalSection
	GlobalSection(SolutionProperties) = preSolution
		HideSolutionNode = FALSE
	EndGlobalSection
	GlobalSection(ExtensibilityGlobals) = postSolution
		SolutionGuid = {634452BC-764C-4A6C-88A2-39636A84A92A}
	EndGlobalSection
EndGlobal
